
Microsoft Visual Studio Solution File, Format Version 12.00
# Visual Studio Version 17
VisualStudioVersion = 17.7.34202.233
MinimumVisualStudioVersion = 10.0.40219.1
Project("{FAE04EC0-301F-11D3-BF4B-00C04F79EFBC}") = "GP_CAL3", "GP_CAL3.csproj", "{46D4B45B-92A3-44FD-9C2E-DB3383BC3C65}"
EndProject
Global
	GlobalSection(SolutionConfigurationPlatforms) = preSolution
		Debug|Any CPU = Debug|Any CPU
		Release|Any CPU = Release|Any CPU
	EndGlobalSection
	GlobalSection(ProjectConfigurationPlatforms) = postSolution
		{46D4B45B-92A3-44FD-9C2E-DB3383BC3C65}.Debug|Any CPU.ActiveCfg = Debug|Any CPU
		{46D4B45B-92A3-44FD-9C2E-DB3383BC3C65}.Debug|Any CPU.Build.0 = Debug|Any CPU
		{46D4B45B-92A3-44FD-9C2E-DB3383BC3C65}.Release|Any CPU.ActiveCfg = Release|Any CPU
		{46D4B45B-92A3-44FD-9C2E-DB3383BC3C65}.Release|Any CPU.Build.0 = Release|Any CPU
	EndGlobalSection
	GlobalSection(SolutionProperties) = preSolution
		HideSolutionNode = FALSE
	EndGlobalSection
	GlobalSection(ExtensibilityGlobals) = postSolution
		SolutionGuid = {9ECF59A6-97F3-4CE7-871F-F18E4D55852A}
	EndGlobalSection
EndGlobal
